
Microsoft Visual Studio Solution File, Format Version 12.00
# Visual Studio Version 17
VisualStudioVersion = 17.2.32210.308
MinimumVisualStudioVersion = 10.0.40219.1
Project("{9A19103F-16F7-4668-BE54-9A1E7A4F7556}") = "DesignPatterns", "DesignPatterns.csproj", "{CFA4FFDB-8187-4362-8295-DA0002B8851E}"
EndProject
Project("{9A19103F-16F7-4668-BE54-9A1E7A4F7556}") = "DesignPatterns.SOLID", "..\DesignPatterns.SOLID\DesignPatterns.SOLID.csproj", "{1A4461FF-DAB9-4D56-9508-E7506EDE7469}"
EndProject
Project("{FAE04EC0-301F-11D3-BF4B-00C04F79EFBC}") = "DesignPatterns.GRASP", "..\DesignPatterns.GRASP\DesignPatterns.GRASP.csproj", "{4C785C49-CD90-4736-9B9E-ED046127716E}"
EndProject
Global
	GlobalSection(SolutionConfigurationPlatforms) = preSolution
		Debug|Any CPU = Debug|Any CPU
		Release|Any CPU = Release|Any CPU
	EndGlobalSection
	GlobalSection(ProjectConfigurationPlatforms) = postSolution
		{CFA4FFDB-8187-4362-8295-DA0002B8851E}.Debug|Any CPU.ActiveCfg = Debug|Any CPU
		{CFA4FFDB-8187-4362-8295-DA0002B8851E}.Debug|Any CPU.Build.0 = Debug|Any CPU
		{CFA4FFDB-8187-4362-8295-DA0002B8851E}.Release|Any CPU.ActiveCfg = Release|Any CPU
		{CFA4FFDB-8187-4362-8295-DA0002B8851E}.Release|Any CPU.Build.0 = Release|Any CPU
		{1A4461FF-DAB9-4D56-9508-E7506EDE7469}.Debug|Any CPU.ActiveCfg = Debug|Any CPU
		{1A4461FF-DAB9-4D56-9508-E7506EDE7469}.Debug|Any CPU.Build.0 = Debug|Any CPU
		{1A4461FF-DAB9-4D56-9508-E7506EDE7469}.Release|Any CPU.ActiveCfg = Release|Any CPU
		{1A4461FF-DAB9-4D56-9508-E7506EDE7469}.Release|Any CPU.Build.0 = Release|Any CPU
		{4C785C49-CD90-4736-9B9E-ED046127716E}.Debug|Any CPU.ActiveCfg = Debug|Any CPU
		{4C785C49-CD90-4736-9B9E-ED046127716E}.Debug|Any CPU.Build.0 = Debug|Any CPU
		{4C785C49-CD90-4736-9B9E-ED046127716E}.Release|Any CPU.ActiveCfg = Release|Any CPU
		{4C785C49-CD90-4736-9B9E-ED046127716E}.Release|Any CPU.Build.0 = Release|Any CPU
	EndGlobalSection
	GlobalSection(SolutionProperties) = preSolution
		HideSolutionNode = FALSE
	EndGlobalSection
	GlobalSection(ExtensibilityGlobals) = postSolution
		SolutionGuid = {DEA27AA9-76CF-4328-B1F4-AE0A9A233620}
	EndGlobalSection
EndGlobal
